// !$*UTF8*$!
{
	archiveVersion = 1;
	classes = {
	};
	objectVersion = 56;
	objects = {

/* Begin PBXBuildFile section */
		5290A8C22BE29C7800AD0C14 /* AppDelegate.swift in Sources */ = {isa = PBXBuildFile; fileRef = 5290A8C12BE29C7800AD0C14 /* AppDelegate.swift */; };
		5290A8C42BE29C7800AD0C14 /* SceneDelegate.swift in Sources */ = {isa = PBXBuildFile; fileRef = 5290A8C32BE29C7800AD0C14 /* SceneDelegate.swift */; };
		5290A8C62BE29C7800AD0C14 /* WelcomeViewController.swift in Sources */ = {isa = PBXBuildFile; fileRef = 5290A8C52BE29C7800AD0C14 /* WelcomeViewController.swift */; };
		5290A8C92BE29C7800AD0C14 /* Main.storyboard in Resources */ = {isa = PBXBuildFile; fileRef = 5290A8C72BE29C7800AD0C14 /* Main.storyboard */; };
		5290A8CB2BE29C7A00AD0C14 /* Assets.xcassets in Resources */ = {isa = PBXBuildFile; fileRef = 5290A8CA2BE29C7A00AD0C14 /* Assets.xcassets */; };
		5290A8CE2BE29C7A00AD0C14 /* LaunchScreen.storyboard in Resources */ = {isa = PBXBuildFile; fileRef = 5290A8CC2BE29C7A00AD0C14 /* LaunchScreen.storyboard */; };
		5290A8D92BE29C7B00AD0C14 /* PixelWorldAppTests.swift in Sources */ = {isa = PBXBuildFile; fileRef = 5290A8D82BE29C7B00AD0C14 /* PixelWorldAppTests.swift */; };
		5290A8E32BE29C7B00AD0C14 /* PixelWorldAppUITests.swift in Sources */ = {isa = PBXBuildFile; fileRef = 5290A8E22BE29C7B00AD0C14 /* PixelWorldAppUITests.swift */; };
		5290A8E52BE29C7B00AD0C14 /* PixelWorldAppUITestsLaunchTests.swift in Sources */ = {isa = PBXBuildFile; fileRef = 5290A8E42BE29C7B00AD0C14 /* PixelWorldAppUITestsLaunchTests.swift */; };
		5290A8F52BE29CF700AD0C14 /* CustomButton.swift in Sources */ = {isa = PBXBuildFile; fileRef = 5290A8F42BE29CF700AD0C14 /* CustomButton.swift */; };
		5290A8F72BE29D3400AD0C14 /* ChooseFactionViewController.swift in Sources */ = {isa = PBXBuildFile; fileRef = 5290A8F62BE29D3400AD0C14 /* ChooseFactionViewController.swift */; };
		5290A8F92BE29D4000AD0C14 /* InGameViewController.swift in Sources */ = {isa = PBXBuildFile; fileRef = 5290A8F82BE29D4000AD0C14 /* InGameViewController.swift */; };
		5290A8FB2BE29D5900AD0C14 /* Character.swift in Sources */ = {isa = PBXBuildFile; fileRef = 5290A8FA2BE29D5900AD0C14 /* Character.swift */; };
/* End PBXBuildFile section */

/* Begin PBXContainerItemProxy section */
		5290A8D52BE29C7B00AD0C14 /* PBXContainerItemProxy */ = {
			isa = PBXContainerItemProxy;
			containerPortal = 5290A8B62BE29C7800AD0C14 /* Project object */;
			proxyType = 1;
			remoteGlobalIDString = 5290A8BD2BE29C7800AD0C14;
			remoteInfo = PixelWorldApp;
		};
		5290A8DF2BE29C7B00AD0C14 /* PBXContainerItemProxy */ = {
			isa = PBXContainerItemProxy;
			containerPortal = 5290A8B62BE29C7800AD0C14 /* Project object */;
			proxyType = 1;
			remoteGlobalIDString = 5290A8BD2BE29C7800AD0C14;
			remoteInfo = PixelWorldApp;
		};
/* End PBXContainerItemProxy section */

/* Begin PBXFileReference section */
		5290A8BE2BE29C7800AD0C14 /* PixelWorldApp.app */ = {isa = PBXFileReference; explicitFileType = wrapper.application; includeInIndex = 0; path = PixelWorldApp.app; sourceTree = BUILT_PRODUCTS_DIR; };
		5290A8C12BE29C7800AD0C14 /* AppDelegate.swift */ = {isa = PBXFileReference; lastKnownFileType = sourcecode.swift; path = AppDelegate.swift; sourceTree = "<group>"; };
		5290A8C32BE29C7800AD0C14 /* SceneDelegate.swift */ = {isa = PBXFileReference; lastKnownFileType = sourcecode.swift; path = SceneDelegate.swift; sourceTree = "<group>"; };
		5290A8C52BE29C7800AD0C14 /* WelcomeViewController.swift */ = {isa = PBXFileReference; lastKnownFileType = sourcecode.swift; path = WelcomeViewController.swift; sourceTree = "<group>"; };
		5290A8C82BE29C7800AD0C14 /* Base */ = {isa = PBXFileReference; lastKnownFileType = file.storyboard; name = Base; path = Base.lproj/Main.storyboard; sourceTree = "<group>"; };
		5290A8CA2BE29C7A00AD0C14 /* Assets.xcassets */ = {isa = PBXFileReference; lastKnownFileType = folder.assetcatalog; path = Assets.xcassets; sourceTree = "<group>"; };
		5290A8CD2BE29C7A00AD0C14 /* Base */ = {isa = PBXFileReference; lastKnownFileType = file.storyboard; name = Base; path = Base.lproj/LaunchScreen.storyboard; sourceTree = "<group>"; };
		5290A8CF2BE29C7A00AD0C14 /* Info.plist */ = {isa = PBXFileReference; lastKnownFileType = text.plist.xml; path = Info.plist; sourceTree = "<group>"; };
		5290A8D42BE29C7B00AD0C14 /* PixelWorldAppTests.xctest */ = {isa = PBXFileReference; explicitFileType = wrapper.cfbundle; includeInIndex = 0; path = PixelWorldAppTests.xctest; sourceTree = BUILT_PRODUCTS_DIR; };
		5290A8D82BE29C7B00AD0C14 /* PixelWorldAppTests.swift */ = {isa = PBXFileReference; lastKnownFileType = sourcecode.swift; path = PixelWorldAppTests.swift; sourceTree = "<group>"; };
		5290A8DE2BE29C7B00AD0C14 /* PixelWorldAppUITests.xctest */ = {isa = PBXFileReference; explicitFileType = wrapper.cfbundle; includeInIndex = 0; path = PixelWorldAppUITests.xctest; sourceTree = BUILT_PRODUCTS_DIR; };
		5290A8E22BE29C7B00AD0C14 /* PixelWorldAppUITests.swift */ = {isa = PBXFileReference; lastKnownFileType = sourcecode.swift; path = PixelWorldAppUITests.swift; sourceTree = "<group>"; };
		5290A8E42BE29C7B00AD0C14 /* PixelWorldAppUITestsLaunchTests.swift */ = {isa = PBXFileReference; lastKnownFileType = sourcecode.swift; path = PixelWorldAppUITestsLaunchTests.swift; sourceTree = "<group>"; };
		5290A8F42BE29CF700AD0C14 /* CustomButton.swift */ = {isa = PBXFileReference; lastKnownFileType = sourcecode.swift; path = CustomButton.swift; sourceTree = "<group>"; };
		5290A8F62BE29D3400AD0C14 /* ChooseFactionViewController.swift */ = {isa = PBXFileReference; lastKnownFileType = sourcecode.swift; path = ChooseFactionViewController.swift; sourceTree = "<group>"; };
		5290A8F82BE29D4000AD0C14 /* InGameViewController.swift */ = {isa = PBXFileReference; lastKnownFileType = sourcecode.swift; path = InGameViewController.swift; sourceTree = "<group>"; };
		5290A8FA2BE29D5900AD0C14 /* Character.swift */ = {isa = PBXFileReference; lastKnownFileType = sourcecode.swift; path = Character.swift; sourceTree = "<group>"; };
/* End PBXFileReference section */

/* Begin PBXFrameworksBuildPhase section */
		5290A8BB2BE29C7800AD0C14 /* Frameworks */ = {
			isa = PBXFrameworksBuildPhase;
			buildActionMask = 2147483647;
			files = (
			);
			runOnlyForDeploymentPostprocessing = 0;
		};
		5290A8D12BE29C7B00AD0C14 /* Frameworks */ = {
			isa = PBXFrameworksBuildPhase;
			buildActionMask = 2147483647;
			files = (
			);
			runOnlyForDeploymentPostprocessing = 0;
		};
		5290A8DB2BE29C7B00AD0C14 /* Frameworks */ = {
			isa = PBXFrameworksBuildPhase;
			buildActionMask = 2147483647;
			files = (
			);
			runOnlyForDeploymentPostprocessing = 0;
		};
/* End PBXFrameworksBuildPhase section */

/* Begin PBXGroup section */
		5290A8B52BE29C7800AD0C14 = {
			isa = PBXGroup;
			children = (
				5290A8C02BE29C7800AD0C14 /* PixelWorldApp */,
				5290A8D72BE29C7B00AD0C14 /* PixelWorldAppTests */,
				5290A8E12BE29C7B00AD0C14 /* PixelWorldAppUITests */,
				5290A8BF2BE29C7800AD0C14 /* Products */,
			);
			sourceTree = "<group>";
		};
		5290A8BF2BE29C7800AD0C14 /* Products */ = {
			isa = PBXGroup;
			children = (
				5290A8BE2BE29C7800AD0C14 /* PixelWorldApp.app */,
				5290A8D42BE29C7B00AD0C14 /* PixelWorldAppTests.xctest */,
				5290A8DE2BE29C7B00AD0C14 /* PixelWorldAppUITests.xctest */,
			);
			name = Products;
			sourceTree = "<group>";
		};
		5290A8C02BE29C7800AD0C14 /* PixelWorldApp */ = {
			isa = PBXGroup;
			children = (
				5290A8F32BE29CA500AD0C14 /* Model */,
				5290A8F22BE29C9600AD0C14 /* Controller */,
				5290A8F12BE29C9000AD0C14 /* Views */,
				5290A8C12BE29C7800AD0C14 /* AppDelegate.swift */,
				5290A8C32BE29C7800AD0C14 /* SceneDelegate.swift */,
				5290A8C72BE29C7800AD0C14 /* Main.storyboard */,
				5290A8CA2BE29C7A00AD0C14 /* Assets.xcassets */,
				5290A8CC2BE29C7A00AD0C14 /* LaunchScreen.storyboard */,
				5290A8CF2BE29C7A00AD0C14 /* Info.plist */,
			);
			path = PixelWorldApp;
			sourceTree = "<group>";
		};
		5290A8D72BE29C7B00AD0C14 /* PixelWorldAppTests */ = {
			isa = PBXGroup;
			children = (
				5290A8D82BE29C7B00AD0C14 /* PixelWorldAppTests.swift */,
			);
			path = PixelWorldAppTests;
			sourceTree = "<group>";
		};
		5290A8E12BE29C7B00AD0C14 /* PixelWorldAppUITests */ = {
			isa = PBXGroup;
			children = (
				5290A8E22BE29C7B00AD0C14 /* PixelWorldAppUITests.swift */,
				5290A8E42BE29C7B00AD0C14 /* PixelWorldAppUITestsLaunchTests.swift */,
			);
			path = PixelWorldAppUITests;
			sourceTree = "<group>";
		};
		5290A8F12BE29C9000AD0C14 /* Views */ = {
			isa = PBXGroup;
			children = (
				5290A8F42BE29CF700AD0C14 /* CustomButton.swift */,
			);
			path = Views;
			sourceTree = "<group>";
		};
		5290A8F22BE29C9600AD0C14 /* Controller */ = {
			isa = PBXGroup;
			children = (
				5290A8C52BE29C7800AD0C14 /* WelcomeViewController.swift */,
				5290A8F62BE29D3400AD0C14 /* ChooseFactionViewController.swift */,
				5290A8F82BE29D4000AD0C14 /* InGameViewController.swift */,
			);
			path = Controller;
			sourceTree = "<group>";
		};
		5290A8F32BE29CA500AD0C14 /* Model */ = {
			isa = PBXGroup;
			children = (
				5290A8FA2BE29D5900AD0C14 /* Character.swift */,
			);
			path = Model;
			sourceTree = "<group>";
		};
/* End PBXGroup section */

/* Begin PBXNativeTarget section */
		5290A8BD2BE29C7800AD0C14 /* PixelWorldApp */ = {
			isa = PBXNativeTarget;
			buildConfigurationList = 5290A8E82BE29C7B00AD0C14 /* Build configuration list for PBXNativeTarget "PixelWorldApp" */;
			buildPhases = (
				5290A8BA2BE29C7800AD0C14 /* Sources */,
				5290A8BB2BE29C7800AD0C14 /* Frameworks */,
				5290A8BC2BE29C7800AD0C14 /* Resources */,
			);
			buildRules = (
			);
			dependencies = (
			);
			name = PixelWorldApp;
			productName = PixelWorldApp;
			productReference = 5290A8BE2BE29C7800AD0C14 /* PixelWorldApp.app */;
			productType = "com.apple.product-type.application";
		};
		5290A8D32BE29C7B00AD0C14 /* PixelWorldAppTests */ = {
			isa = PBXNativeTarget;
			buildConfigurationList = 5290A8EB2BE29C7B00AD0C14 /* Build configuration list for PBXNativeTarget "PixelWorldAppTests" */;
			buildPhases = (
				5290A8D02BE29C7B00AD0C14 /* Sources */,
				5290A8D12BE29C7B00AD0C14 /* Frameworks */,
				5290A8D22BE29C7B00AD0C14 /* Resources */,
			);
			buildRules = (
			);
			dependencies = (
				5290A8D62BE29C7B00AD0C14 /* PBXTargetDependency */,
			);
			name = PixelWorldAppTests;
			productName = PixelWorldAppTests;
			productReference = 5290A8D42BE29C7B00AD0C14 /* PixelWorldAppTests.xctest */;
			productType = "com.apple.product-type.bundle.unit-test";
		};
		5290A8DD2BE29C7B00AD0C14 /* PixelWorldAppUITests */ = {
			isa = PBXNativeTarget;
			buildConfigurationList = 5290A8EE2BE29C7B00AD0C14 /* Build configuration list for PBXNativeTarget "PixelWorldAppUITests" */;
			buildPhases = (
				5290A8DA2BE29C7B00AD0C14 /* Sources */,
				5290A8DB2BE29C7B00AD0C14 /* Frameworks */,
				5290A8DC2BE29C7B00AD0C14 /* Resources */,
			);
			buildRules = (
			);
			dependencies = (
				5290A8E02BE29C7B00AD0C14 /* PBXTargetDependency */,
			);
			name = PixelWorldAppUITests;
			productName = PixelWorldAppUITests;
			productReference = 5290A8DE2BE29C7B00AD0C14 /* PixelWorldAppUITests.xctest */;
			productType = "com.apple.product-type.bundle.ui-testing";
		};
/* End PBXNativeTarget section */

/* Begin PBXProject section */
		5290A8B62BE29C7800AD0C14 /* Project object */ = {
			isa = PBXProject;
			attributes = {
				BuildIndependentTargetsInParallel = 1;
				LastSwiftUpdateCheck = 1420;
				LastUpgradeCheck = 1420;
				TargetAttributes = {
					5290A8BD2BE29C7800AD0C14 = {
						CreatedOnToolsVersion = 14.2;
					};
					5290A8D32BE29C7B00AD0C14 = {
						CreatedOnToolsVersion = 14.2;
						TestTargetID = 5290A8BD2BE29C7800AD0C14;
					};
					5290A8DD2BE29C7B00AD0C14 = {
						CreatedOnToolsVersion = 14.2;
						TestTargetID = 5290A8BD2BE29C7800AD0C14;
					};
				};
			};
			buildConfigurationList = 5290A8B92BE29C7800AD0C14 /* Build configuration list for PBXProject "PixelWorldApp" */;
			compatibilityVersion = "Xcode 14.0";
			developmentRegion = en;
			hasScannedForEncodings = 0;
			knownRegions = (
				en,
				Base,
			);
			mainGroup = 5290A8B52BE29C7800AD0C14;
			productRefGroup = 5290A8BF2BE29C7800AD0C14 /* Products */;
			projectDirPath = "";
			projectRoot = "";
			targets = (
				5290A8BD2BE29C7800AD0C14 /* PixelWorldApp */,
				5290A8D32BE29C7B00AD0C14 /* PixelWorldAppTests */,
				5290A8DD2BE29C7B00AD0C14 /* PixelWorldAppUITests */,
			);
		};
/* End PBXProject section */

/* Begin PBXResourcesBuildPhase section */
		5290A8BC2BE29C7800AD0C14 /* Resources */ = {
			isa = PBXResourcesBuildPhase;
			buildActionMask = 2147483647;
			files = (
				5290A8CE2BE29C7A00AD0C14 /* LaunchScreen.storyboard in Resources */,
				5290A8CB2BE29C7A00AD0C14 /* Assets.xcassets in Resources */,
				5290A8C92BE29C7800AD0C14 /* Main.storyboard in Resources */,
			);
			runOnlyForDeploymentPostprocessing = 0;
		};
		5290A8D22BE29C7B00AD0C14 /* Resources */ = {
			isa = PBXResourcesBuildPhase;
			buildActionMask = 2147483647;
			files = (
			);
			runOnlyForDeploymentPostprocessing = 0;
		};
		5290A8DC2BE29C7B00AD0C14 /* Resources */ = {
			isa = PBXResourcesBuildPhase;
			buildActionMask = 2147483647;
			files = (
			);
			runOnlyForDeploymentPostprocessing = 0;
		};
/* End PBXResourcesBuildPhase section */

/* Begin PBXSourcesBuildPhase section */
		5290A8BA2BE29C7800AD0C14 /* Sources */ = {
			isa = PBXSourcesBuildPhase;
			buildActionMask = 2147483647;
			files = (
				5290A8F72BE29D3400AD0C14 /* ChooseFactionViewController.swift in Sources */,
				5290A8F52BE29CF700AD0C14 /* CustomButton.swift in Sources */,
				5290A8FB2BE29D5900AD0C14 /* Character.swift in Sources */,
				5290A8C62BE29C7800AD0C14 /* WelcomeViewController.swift in Sources */,
				5290A8F92BE29D4000AD0C14 /* InGameViewController.swift in Sources */,
				5290A8C22BE29C7800AD0C14 /* AppDelegate.swift in Sources */,
				5290A8C42BE29C7800AD0C14 /* SceneDelegate.swift in Sources */,
			);
			runOnlyForDeploymentPostprocessing = 0;
		};
		5290A8D02BE29C7B00AD0C14 /* Sources */ = {
			isa = PBXSourcesBuildPhase;
			buildActionMask = 2147483647;
			files = (
				5290A8D92BE29C7B00AD0C14 /* PixelWorldAppTests.swift in Sources */,
			);
			runOnlyForDeploymentPostprocessing = 0;
		};
		5290A8DA2BE29C7B00AD0C14 /* Sources */ = {
			isa = PBXSourcesBuildPhase;
			buildActionMask = 2147483647;
			files = (
				5290A8E52BE29C7B00AD0C14 /* PixelWorldAppUITestsLaunchTests.swift in Sources */,
				5290A8E32BE29C7B00AD0C14 /* PixelWorldAppUITests.swift in Sources */,
			);
			runOnlyForDeploymentPostprocessing = 0;
		};
/* End PBXSourcesBuildPhase section */

/* Begin PBXTargetDependency section */
		5290A8D62BE29C7B00AD0C14 /* PBXTargetDependency */ = {
			isa = PBXTargetDependency;
			target = 5290A8BD2BE29C7800AD0C14 /* PixelWorldApp */;
			targetProxy = 5290A8D52BE29C7B00AD0C14 /* PBXContainerItemProxy */;
		};
		5290A8E02BE29C7B00AD0C14 /* PBXTargetDependency */ = {
			isa = PBXTargetDependency;
			target = 5290A8BD2BE29C7800AD0C14 /* PixelWorldApp */;
			targetProxy = 5290A8DF2BE29C7B00AD0C14 /* PBXContainerItemProxy */;
		};
/* End PBXTargetDependency section */

/* Begin PBXVariantGroup section */
		5290A8C72BE29C7800AD0C14 /* Main.storyboard */ = {
			isa = PBXVariantGroup;
			children = (
				5290A8C82BE29C7800AD0C14 /* Base */,
			);
			name = Main.storyboard;
			sourceTree = "<group>";
		};
		5290A8CC2BE29C7A00AD0C14 /* LaunchScreen.storyboard */ = {
			isa = PBXVariantGroup;
			children = (
				5290A8CD2BE29C7A00AD0C14 /* Base */,
			);
			name = LaunchScreen.storyboard;
			sourceTree = "<group>";
		};
/* End PBXVariantGroup section */

/* Begin XCBuildConfiguration section */
		5290A8E62BE29C7B00AD0C14 /* Debug */ = {
			isa = XCBuildConfiguration;
			buildSettings = {
				ALWAYS_SEARCH_USER_PATHS = NO;
				CLANG_ANALYZER_NONNULL = YES;
				CLANG_ANALYZER_NUMBER_OBJECT_CONVERSION = YES_AGGRESSIVE;
				CLANG_CXX_LANGUAGE_STANDARD = "gnu++20";
				CLANG_ENABLE_MODULES = YES;
				CLANG_ENABLE_OBJC_ARC = YES;
				CLANG_ENABLE_OBJC_WEAK = YES;
				CLANG_WARN_BLOCK_CAPTURE_AUTORELEASING = YES;
				CLANG_WARN_BOOL_CONVERSION = YES;
				CLANG_WARN_COMMA = YES;
				CLANG_WARN_CONSTANT_CONVERSION = YES;
				CLANG_WARN_DEPRECATED_OBJC_IMPLEMENTATIONS = YES;
				CLANG_WARN_DIRECT_OBJC_ISA_USAGE = YES_ERROR;
				CLANG_WARN_DOCUMENTATION_COMMENTS = YES;
				CLANG_WARN_EMPTY_BODY = YES;
				CLANG_WARN_ENUM_CONVERSION = YES;
				CLANG_WARN_INFINITE_RECURSION = YES;
				CLANG_WARN_INT_CONVERSION = YES;
				CLANG_WARN_NON_LITERAL_NULL_CONVERSION = YES;
				CLANG_WARN_OBJC_IMPLICIT_RETAIN_SELF = YES;
				CLANG_WARN_OBJC_LITERAL_CONVERSION = YES;
				CLANG_WARN_OBJC_ROOT_CLASS = YES_ERROR;
				CLANG_WARN_QUOTED_INCLUDE_IN_FRAMEWORK_HEADER = YES;
				CLANG_WARN_RANGE_LOOP_ANALYSIS = YES;
				CLANG_WARN_STRICT_PROTOTYPES = YES;
				CLANG_WARN_SUSPICIOUS_MOVE = YES;
				CLANG_WARN_UNGUARDED_AVAILABILITY = YES_AGGRESSIVE;
				CLANG_WARN_UNREACHABLE_CODE = YES;
				CLANG_WARN__DUPLICATE_METHOD_MATCH = YES;
				COPY_PHASE_STRIP = NO;
				DEBUG_INFORMATION_FORMAT = dwarf;
				ENABLE_STRICT_OBJC_MSGSEND = YES;
				ENABLE_TESTABILITY = YES;
				GCC_C_LANGUAGE_STANDARD = gnu11;
				GCC_DYNAMIC_NO_PIC = NO;
				GCC_NO_COMMON_BLOCKS = YES;
				GCC_OPTIMIZATION_LEVEL = 0;
				GCC_PREPROCESSOR_DEFINITIONS = (
					"DEBUG=1",
					"$(inherited)",
				);
				GCC_WARN_64_TO_32_BIT_CONVERSION = YES;
				GCC_WARN_ABOUT_RETURN_TYPE = YES_ERROR;
				GCC_WARN_UNDECLARED_SELECTOR = YES;
				GCC_WARN_UNINITIALIZED_AUTOS = YES_AGGRESSIVE;
				GCC_WARN_UNUSED_FUNCTION = YES;
				GCC_WARN_UNUSED_VARIABLE = YES;
				IPHONEOS_DEPLOYMENT_TARGET = 16.2;
				MTL_ENABLE_DEBUG_INFO = INCLUDE_SOURCE;
				MTL_FAST_MATH = YES;
				ONLY_ACTIVE_ARCH = YES;
				SDKROOT = iphoneos;
				SWIFT_ACTIVE_COMPILATION_CONDITIONS = DEBUG;
				SWIFT_OPTIMIZATION_LEVEL = "-Onone";
			};
			name = Debug;
		};
		5290A8E72BE29C7B00AD0C14 /* Release */ = {
			isa = XCBuildConfiguration;
			buildSettings = {
				ALWAYS_SEARCH_USER_PATHS = NO;
				CLANG_ANALYZER_NONNULL = YES;
				CLANG_ANALYZER_NUMBER_OBJECT_CONVERSION = YES_AGGRESSIVE;
				CLANG_CXX_LANGUAGE_STANDARD = "gnu++20";
				CLANG_ENABLE_MODULES = YES;
				CLANG_ENABLE_OBJC_ARC = YES;
				CLANG_ENABLE_OBJC_WEAK = YES;
				CLANG_WARN_BLOCK_CAPTURE_AUTORELEASING = YES;
				CLANG_WARN_BOOL_CONVERSION = YES;
				CLANG_WARN_COMMA = YES;
				CLANG_WARN_CONSTANT_CONVERSION = YES;
				CLANG_WARN_DEPRECATED_OBJC_IMPLEMENTATIONS = YES;
				CLANG_WARN_DIRECT_OBJC_ISA_USAGE = YES_ERROR;
				CLANG_WARN_DOCUMENTATION_COMMENTS = YES;
				CLANG_WARN_EMPTY_BODY = YES;
				CLANG_WARN_ENUM_CONVERSION = YES;
				CLANG_WARN_INFINITE_RECURSION = YES;
				CLANG_WARN_INT_CONVERSION = YES;
				CLANG_WARN_NON_LITERAL_NULL_CONVERSION = YES;
				CLANG_WARN_OBJC_IMPLICIT_RETAIN_SELF = YES;
				CLANG_WARN_OBJC_LITERAL_CONVERSION = YES;
				CLANG_WARN_OBJC_ROOT_CLASS = YES_ERROR;
				CLANG_WARN_QUOTED_INCLUDE_IN_FRAMEWORK_HEADER = YES;
				CLANG_WARN_RANGE_LOOP_ANALYSIS = YES;
				CLANG_WARN_STRICT_PROTOTYPES = YES;
				CLANG_WARN_SUSPICIOUS_MOVE = YES;
				CLANG_WARN_UNGUARDED_AVAILABILITY = YES_AGGRESSIVE;
				CLANG_WARN_UNREACHABLE_CODE = YES;
				CLANG_WARN__DUPLICATE_METHOD_MATCH = YES;
				COPY_PHASE_STRIP = NO;
				DEBUG_INFORMATION_FORMAT = "dwarf-with-dsym";
				ENABLE_NS_ASSERTIONS = NO;
				ENABLE_STRICT_OBJC_MSGSEND = YES;
				GCC_C_LANGUAGE_STANDARD = gnu11;
				GCC_NO_COMMON_BLOCKS = YES;
				GCC_WARN_64_TO_32_BIT_CONVERSION = YES;
				GCC_WARN_ABOUT_RETURN_TYPE = YES_ERROR;
				GCC_WARN_UNDECLARED_SELECTOR = YES;
				GCC_WARN_UNINITIALIZED_AUTOS = YES_AGGRESSIVE;
				GCC_WARN_UNUSED_FUNCTION = YES;
				GCC_WARN_UNUSED_VARIABLE = YES;
				IPHONEOS_DEPLOYMENT_TARGET = 16.2;
				MTL_ENABLE_DEBUG_INFO = NO;
				MTL_FAST_MATH = YES;
				SDKROOT = iphoneos;
				SWIFT_COMPILATION_MODE = wholemodule;
				SWIFT_OPTIMIZATION_LEVEL = "-O";
				VALIDATE_PRODUCT = YES;
			};
			name = Release;
		};
		5290A8E92BE29C7B00AD0C14 /* Debug */ = {
			isa = XCBuildConfiguration;
			buildSettings = {
				ASSETCATALOG_COMPILER_APPICON_NAME = AppIcon;
				ASSETCATALOG_COMPILER_GLOBAL_ACCENT_COLOR_NAME = AccentColor;
				CODE_SIGN_STYLE = Automatic;
				CURRENT_PROJECT_VERSION = 1;
				GENERATE_INFOPLIST_FILE = YES;
				INFOPLIST_FILE = PixelWorldApp/Info.plist;
				INFOPLIST_KEY_UIApplicationSupportsIndirectInputEvents = YES;
				INFOPLIST_KEY_UILaunchStoryboardName = LaunchScreen;
				INFOPLIST_KEY_UIMainStoryboardFile = Main;
				INFOPLIST_KEY_UISupportedInterfaceOrientations_iPad = "UIInterfaceOrientationPortrait UIInterfaceOrientationPortraitUpsideDown UIInterfaceOrientationLandscapeLeft UIInterfaceOrientationLandscapeRight";
				INFOPLIST_KEY_UISupportedInterfaceOrientations_iPhone = "UIInterfaceOrientationPortrait UIInterfaceOrientationLandscapeLeft UIInterfaceOrientationLandscapeRight";
				LD_RUNPATH_SEARCH_PATHS = (
					"$(inherited)",
					"@executable_path/Frameworks",
				);
				MARKETING_VERSION = 1.0;
				PRODUCT_BUNDLE_IDENTIFIER = pdv.PixelWorldApp;
				PRODUCT_NAME = "$(TARGET_NAME)";
				SWIFT_EMIT_LOC_STRINGS = YES;
				SWIFT_VERSION = 5.0;
				TARGETED_DEVICE_FAMILY = "1,2";
			};
			name = Debug;
		};
		5290A8EA2BE29C7B00AD0C14 /* Release */ = {
			isa = XCBuildConfiguration;
			buildSettings = {
				ASSETCATALOG_COMPILER_APPICON_NAME = AppIcon;
				ASSETCATALOG_COMPILER_GLOBAL_ACCENT_COLOR_NAME = AccentColor;
				CODE_SIGN_STYLE = Automatic;
				CURRENT_PROJECT_VERSION = 1;
				GENERATE_INFOPLIST_FILE = YES;
				INFOPLIST_FILE = PixelWorldApp/Info.plist;
				INFOPLIST_KEY_UIApplicationSupportsIndirectInputEvents = YES;
				INFOPLIST_KEY_UILaunchStoryboardName = LaunchScreen;
				INFOPLIST_KEY_UIMainStoryboardFile = Main;
				INFOPLIST_KEY_UISupportedInterfaceOrientations_iPad = "UIInterfaceOrientationPortrait UIInterfaceOrientationPortraitUpsideDown UIInterfaceOrientationLandscapeLeft UIInterfaceOrientationLandscapeRight";
				INFOPLIST_KEY_UISupportedInterfaceOrientations_iPhone = "UIInterfaceOrientationPortrait UIInterfaceOrientationLandscapeLeft UIInterfaceOrientationLandscapeRight";
				LD_RUNPATH_SEARCH_PATHS = (
					"$(inherited)",
					"@executable_path/Frameworks",
				);
				MARKETING_VERSION = 1.0;
				PRODUCT_BUNDLE_IDENTIFIER = pdv.PixelWorldApp;
				PRODUCT_NAME = "$(TARGET_NAME)";
				SWIFT_EMIT_LOC_STRINGS = YES;
				SWIFT_VERSION = 5.0;
				TARGETED_DEVICE_FAMILY = "1,2";
			};
			name = Release;
		};
		5290A8EC2BE29C7B00AD0C14 /* Debug */ = {
			isa = XCBuildConfiguration;
			buildSettings = {
				ALWAYS_EMBED_SWIFT_STANDARD_LIBRARIES = YES;
				BUNDLE_LOADER = "$(TEST_HOST)";
				CODE_SIGN_STYLE = Automatic;
				CURRENT_PROJECT_VERSION = 1;
				GENERATE_INFOPLIST_FILE = YES;
				IPHONEOS_DEPLOYMENT_TARGET = 16.2;
				MARKETING_VERSION = 1.0;
				PRODUCT_BUNDLE_IDENTIFIER = pdv.PixelWorldAppTests;
				PRODUCT_NAME = "$(TARGET_NAME)";
				SWIFT_EMIT_LOC_STRINGS = NO;
				SWIFT_VERSION = 5.0;
				TARGETED_DEVICE_FAMILY = "1,2";
				TEST_HOST = "$(BUILT_PRODUCTS_DIR)/PixelWorldApp.app/$(BUNDLE_EXECUTABLE_FOLDER_PATH)/PixelWorldApp";
			};
			name = Debug;
		};
		5290A8ED2BE29C7B00AD0C14 /* Release */ = {
			isa = XCBuildConfiguration;
			buildSettings = {
				ALWAYS_EMBED_SWIFT_STANDARD_LIBRARIES = YES;
				BUNDLE_LOADER = "$(TEST_HOST)";
				CODE_SIGN_STYLE = Automatic;
				CURRENT_PROJECT_VERSION = 1;
				GENERATE_INFOPLIST_FILE = YES;
				IPHONEOS_DEPLOYMENT_TARGET = 16.2;
				MARKETING_VERSION = 1.0;
				PRODUCT_BUNDLE_IDENTIFIER = pdv.PixelWorldAppTests;
				PRODUCT_NAME = "$(TARGET_NAME)";
				SWIFT_EMIT_LOC_STRINGS = NO;
				SWIFT_VERSION = 5.0;
				TARGETED_DEVICE_FAMILY = "1,2";
				TEST_HOST = "$(BUILT_PRODUCTS_DIR)/PixelWorldApp.app/$(BUNDLE_EXECUTABLE_FOLDER_PATH)/PixelWorldApp";
			};
			name = Release;
		};
		5290A8EF2BE29C7B00AD0C14 /* Debug */ = {
			isa = XCBuildConfiguration;
			buildSettings = {
				ALWAYS_EMBED_SWIFT_STANDARD_LIBRARIES = YES;
				CODE_SIGN_STYLE = Automatic;
				CURRENT_PROJECT_VERSION = 1;
				GENERATE_INFOPLIST_FILE = YES;
				MARKETING_VERSION = 1.0;
				PRODUCT_BUNDLE_IDENTIFIER = pdv.PixelWorldAppUITests;
				PRODUCT_NAME = "$(TARGET_NAME)";
				SWIFT_EMIT_LOC_STRINGS = NO;
				SWIFT_VERSION = 5.0;
				TARGETED_DEVICE_FAMILY = "1,2";
				TEST_TARGET_NAME = PixelWorldApp;
			};
			name = Debug;
		};
		5290A8F02BE29C7B00AD0C14 /* Release */ = {
			isa = XCBuildConfiguration;
			buildSettings = {
				ALWAYS_EMBED_SWIFT_STANDARD_LIBRARIES = YES;
				CODE_SIGN_STYLE = Automatic;
				CURRENT_PROJECT_VERSION = 1;
				GENERATE_INFOPLIST_FILE = YES;
				MARKETING_VERSION = 1.0;
				PRODUCT_BUNDLE_IDENTIFIER = pdv.PixelWorldAppUITests;
				PRODUCT_NAME = "$(TARGET_NAME)";
				SWIFT_EMIT_LOC_STRINGS = NO;
				SWIFT_VERSION = 5.0;
				TARGETED_DEVICE_FAMILY = "1,2";
				TEST_TARGET_NAME = PixelWorldApp;
			};
			name = Release;
		};
/* End XCBuildConfiguration section */

/* Begin XCConfigurationList section */
		5290A8B92BE29C7800AD0C14 /* Build configuration list for PBXProject "PixelWorldApp" */ = {
			isa = XCConfigurationList;
			buildConfigurations = (
				5290A8E62BE29C7B00AD0C14 /* Debug */,
				5290A8E72BE29C7B00AD0C14 /* Release */,
			);
			defaultConfigurationIsVisible = 0;
			defaultConfigurationName = Release;
		};
		5290A8E82BE29C7B00AD0C14 /* Build configuration list for PBXNativeTarget "PixelWorldApp" */ = {
			isa = XCConfigurationList;
			buildConfigurations = (
				5290A8E92BE29C7B00AD0C14 /* Debug */,
				5290A8EA2BE29C7B00AD0C14 /* Release */,
			);
			defaultConfigurationIsVisible = 0;
			defaultConfigurationName = Release;
		};
		5290A8EB2BE29C7B00AD0C14 /* Build configuration list for PBXNativeTarget "PixelWorldAppTests" */ = {
			isa = XCConfigurationList;
			buildConfigurations = (
				5290A8EC2BE29C7B00AD0C14 /* Debug */,
				5290A8ED2BE29C7B00AD0C14 /* Release */,
			);
			defaultConfigurationIsVisible = 0;
			defaultConfigurationName = Release;
		};
		5290A8EE2BE29C7B00AD0C14 /* Build configuration list for PBXNativeTarget "PixelWorldAppUITests" */ = {
			isa = XCConfigurationList;
			buildConfigurations = (
				5290A8EF2BE29C7B00AD0C14 /* Debug */,
				5290A8F02BE29C7B00AD0C14 /* Release */,
			);
			defaultConfigurationIsVisible = 0;
			defaultConfigurationName = Release;
		};
/* End XCConfigurationList section */
	};
	rootObject = 5290A8B62BE29C7800AD0C14 /* Project object */;
}
